
Microsoft Visual Studio Solution File, Format Version 12.00
# Visual Studio Version 16
VisualStudioVersion = 16.0.31112.23
MinimumVisualStudioVersion = 10.0.40219.1
Project("{9A19103F-16F7-4668-BE54-9A1E7A4F7556}") = "HeroRepository.Tests", "HeroRepository.Tests.csproj", "{1BDF8B17-A0BE-49C2-80EA-067060CB1FDD}"
EndProject
Project("{9A19103F-16F7-4668-BE54-9A1E7A4F7556}") = "HeroRepository", "..\HeroRepository\HeroRepository.csproj", "{9FF270C7-13E1-42C4-AFC9-B2A6969FB73F}"
EndProject
Global
	GlobalSection(SolutionConfigurationPlatforms) = preSolution
		Debug|Any CPU = Debug|Any CPU
		Release|Any CPU = Release|Any CPU
	EndGlobalSection
	GlobalSection(ProjectConfigurationPlatforms) = postSolution
		{1BDF8B17-A0BE-49C2-80EA-067060CB1FDD}.Debug|Any CPU.ActiveCfg = Debug|Any CPU
		{1BDF8B17-A0BE-49C2-80EA-067060CB1FDD}.Debug|Any CPU.Build.0 = Debug|Any CPU
		{1BDF8B17-A0BE-49C2-80EA-067060CB1FDD}.Release|Any CPU.ActiveCfg = Release|Any CPU
		{1BDF8B17-A0BE-49C2-80EA-067060CB1FDD}.Release|Any CPU.Build.0 = Release|Any CPU
		{9FF270C7-13E1-42C4-AFC9-B2A6969FB73F}.Debug|Any CPU.ActiveCfg = Debug|Any CPU
		{9FF270C7-13E1-42C4-AFC9-B2A6969FB73F}.Debug|Any CPU.Build.0 = Debug|Any CPU
		{9FF270C7-13E1-42C4-AFC9-B2A6969FB73F}.Release|Any CPU.ActiveCfg = Release|Any CPU
		{9FF270C7-13E1-42C4-AFC9-B2A6969FB73F}.Release|Any CPU.Build.0 = Release|Any CPU
	EndGlobalSection
	GlobalSection(SolutionProperties) = preSolution
		HideSolutionNode = FALSE
	EndGlobalSection
	GlobalSection(ExtensibilityGlobals) = postSolution
		SolutionGuid = {7AF4CAE5-32BB-491D-813A-1840C9BF4335}
	EndGlobalSection
EndGlobal
