
Microsoft Visual Studio Solution File, Format Version 12.00
# Visual Studio Version 16
VisualStudioVersion = 16.0.30804.86
MinimumVisualStudioVersion = 10.0.40219.1
Project("{9A19103F-16F7-4668-BE54-9A1E7A4F7556}") = "Vehicles", "Vehicles\Vehicles.csproj", "{9D2EFF41-E0CF-4CD6-B299-A6ACF3695FC0}"
EndProject
Project("{9A19103F-16F7-4668-BE54-9A1E7A4F7556}") = "VehiclesExtension", "Vehicles Extension\VehiclesExtension.csproj", "{D8D01921-0921-44A8-B953-8FC05FD2B8EA}"
EndProject
Project("{9A19103F-16F7-4668-BE54-9A1E7A4F7556}") = "WildFarm", "WildFarm\WildFarm.csproj", "{0E0876D3-1960-4E44-A506-B4F2689FBB75}"
EndProject
Project("{FAE04EC0-301F-11D3-BF4B-00C04F79EFBC}") = "Raiding", "Raiding\Raiding.csproj", "{6427D08F-C882-4EA5-B71D-3CD3A3FE9350}"
EndProject
Global
	GlobalSection(SolutionConfigurationPlatforms) = preSolution
		Debug|Any CPU = Debug|Any CPU
		Release|Any CPU = Release|Any CPU
	EndGlobalSection
	GlobalSection(ProjectConfigurationPlatforms) = postSolution
		{9D2EFF41-E0CF-4CD6-B299-A6ACF3695FC0}.Debug|Any CPU.ActiveCfg = Debug|Any CPU
		{9D2EFF41-E0CF-4CD6-B299-A6ACF3695FC0}.Debug|Any CPU.Build.0 = Debug|Any CPU
		{9D2EFF41-E0CF-4CD6-B299-A6ACF3695FC0}.Release|Any CPU.ActiveCfg = Release|Any CPU
		{9D2EFF41-E0CF-4CD6-B299-A6ACF3695FC0}.Release|Any CPU.Build.0 = Release|Any CPU
		{D8D01921-0921-44A8-B953-8FC05FD2B8EA}.Debug|Any CPU.ActiveCfg = Debug|Any CPU
		{D8D01921-0921-44A8-B953-8FC05FD2B8EA}.Debug|Any CPU.Build.0 = Debug|Any CPU
		{D8D01921-0921-44A8-B953-8FC05FD2B8EA}.Release|Any CPU.ActiveCfg = Release|Any CPU
		{D8D01921-0921-44A8-B953-8FC05FD2B8EA}.Release|Any CPU.Build.0 = Release|Any CPU
		{0E0876D3-1960-4E44-A506-B4F2689FBB75}.Debug|Any CPU.ActiveCfg = Debug|Any CPU
		{0E0876D3-1960-4E44-A506-B4F2689FBB75}.Debug|Any CPU.Build.0 = Debug|Any CPU
		{0E0876D3-1960-4E44-A506-B4F2689FBB75}.Release|Any CPU.ActiveCfg = Release|Any CPU
		{0E0876D3-1960-4E44-A506-B4F2689FBB75}.Release|Any CPU.Build.0 = Release|Any CPU
		{6427D08F-C882-4EA5-B71D-3CD3A3FE9350}.Debug|Any CPU.ActiveCfg = Debug|Any CPU
		{6427D08F-C882-4EA5-B71D-3CD3A3FE9350}.Debug|Any CPU.Build.0 = Debug|Any CPU
		{6427D08F-C882-4EA5-B71D-3CD3A3FE9350}.Release|Any CPU.ActiveCfg = Release|Any CPU
		{6427D08F-C882-4EA5-B71D-3CD3A3FE9350}.Release|Any CPU.Build.0 = Release|Any CPU
	EndGlobalSection
	GlobalSection(SolutionProperties) = preSolution
		HideSolutionNode = FALSE
	EndGlobalSection
	GlobalSection(ExtensibilityGlobals) = postSolution
		SolutionGuid = {FC3C93AB-86A5-4013-A508-07C9BD84024A}
	EndGlobalSection
EndGlobal
