
Microsoft Visual Studio Solution File, Format Version 12.00
# Visual Studio Version 16
VisualStudioVersion = 16.0.31025.194
MinimumVisualStudioVersion = 10.0.40219.1
Project("{9A19103F-16F7-4668-BE54-9A1E7A4F7556}") = "AquaShop", "AquaShop.csproj", "{A71A321D-3171-4CD4-BFFC-1FEF5935D877}"
EndProject
Global
	GlobalSection(SolutionConfigurationPlatforms) = preSolution
		Debug|Any CPU = Debug|Any CPU
		Release|Any CPU = Release|Any CPU
	EndGlobalSection
	GlobalSection(ProjectConfigurationPlatforms) = postSolution
		{A71A321D-3171-4CD4-BFFC-1FEF5935D877}.Debug|Any CPU.ActiveCfg = Debug|Any CPU
		{A71A321D-3171-4CD4-BFFC-1FEF5935D877}.Debug|Any CPU.Build.0 = Debug|Any CPU
		{A71A321D-3171-4CD4-BFFC-1FEF5935D877}.Release|Any CPU.ActiveCfg = Release|Any CPU
		{A71A321D-3171-4CD4-BFFC-1FEF5935D877}.Release|Any CPU.Build.0 = Release|Any CPU
	EndGlobalSection
	GlobalSection(SolutionProperties) = preSolution
		HideSolutionNode = FALSE
	EndGlobalSection
	GlobalSection(ExtensibilityGlobals) = postSolution
		SolutionGuid = {C2134BF2-6E0A-4A92-9966-F04BE8EAB7F7}
	EndGlobalSection
EndGlobal
