
Microsoft Visual Studio Solution File, Format Version 12.00
# Visual Studio Version 16
VisualStudioVersion = 16.0.30804.86
MinimumVisualStudioVersion = 10.0.40219.1
Project("{9A19103F-16F7-4668-BE54-9A1E7A4F7556}") = "P01. DrawingShape-Before", "Demo-Resources\01. SRP\P01. DrawingShape-Before\P01. DrawingShape-Before.csproj", "{3542ED91-9651-4DC0-9EAF-8402543B93FA}"
EndProject
Project("{9A19103F-16F7-4668-BE54-9A1E7A4F7556}") = "P02. Books-Before", "Demo-Resources\01. SRP\P02. Books-Before\P02. Books-Before.csproj", "{CEFF8351-F34D-4157-8721-E90D12BB9713}"
EndProject
Project("{9A19103F-16F7-4668-BE54-9A1E7A4F7556}") = "P01. FileStream-Before", "Demo-Resources\02. OCP\P01. FileStream-Before\P01. FileStream-Before.csproj", "{09B57A06-B20D-4F83-B6AD-E5D184211653}"
EndProject
Project("{9A19103F-16F7-4668-BE54-9A1E7A4F7556}") = "P03. ShoppingCart-Before", "Demo-Resources\02. OCP\P03. ShoppingCart-Before\P03. ShoppingCart-Before.csproj", "{B2F0559F-38CA-49CB-AFF6-FC94C4749613}"
EndProject
Project("{9A19103F-16F7-4668-BE54-9A1E7A4F7556}") = "P02. DrawingShape-Before", "Demo-Resources\02. OCP\P02. DrawingShape-Before\P02. DrawingShape-Before.csproj", "{46FDE416-4866-4AD3-86BD-C31B8187D6FC}"
EndProject
Project("{9A19103F-16F7-4668-BE54-9A1E7A4F7556}") = "P01. Square-Before", "Demo-Resources\03. Liskov Substitution\P01. Square-Before\P01. Square-Before.csproj", "{41681C7A-497E-4A1B-AC42-33E7081B64C5}"
EndProject
Project("{9A19103F-16F7-4668-BE54-9A1E7A4F7556}") = "P01. Worker-Before", "Demo-Resources\04. ISP\P01. Worker-Before\P01. Worker-Before.csproj", "{5493D262-FD30-4EBB-B66D-3BF98D484665}"
EndProject
Project("{9A19103F-16F7-4668-BE54-9A1E7A4F7556}") = "P02. Identity-Before", "Demo-Resources\04. ISP\P02. Identity-Before\P02. Identity-Before.csproj", "{D69D0FC8-5153-4B16-B0EF-B6623BE9AC00}"
EndProject
Project("{9A19103F-16F7-4668-BE54-9A1E7A4F7556}") = "P01. HelloWorld-Before", "Demo-Resources\05. DIP\P01. HelloWorld-Before\P01. HelloWorld-Before.csproj", "{57FD0CB1-2C07-4B73-A152-B7730CB3A710}"
EndProject
Project("{9A19103F-16F7-4668-BE54-9A1E7A4F7556}") = "P02. Worker-Before", "Demo-Resources\05. DIP\P02. Worker-Before\P02. Worker-Before.csproj", "{19B3B557-FAC7-44AC-8EF3-0A5B1C7ACB38}"
EndProject
Project("{9A19103F-16F7-4668-BE54-9A1E7A4F7556}") = "P03. Database-Before", "Demo-Resources\05. DIP\P03. Database-Before\P03. Database-Before.csproj", "{06A818BA-B6A5-4B6D-ACA2-8ED1E9C8419F}"
EndProject
Project("{2150E333-8FDC-42A3-9474-1A3956D46DE8}") = "01.SPR", "01.SPR", "{6A72C929-8701-4381-A5A4-114BFCF0D76C}"
EndProject
Project("{2150E333-8FDC-42A3-9474-1A3956D46DE8}") = "02.OCP", "02.OCP", "{B1D68EF3-C9CD-401E-A140-1AD16CAED459}"
EndProject
Project("{2150E333-8FDC-42A3-9474-1A3956D46DE8}") = "03. Liskov Substitution", "03. Liskov Substitution", "{D7AD3F56-C3C8-4706-B986-B2AF7ECB9573}"
EndProject
Project("{2150E333-8FDC-42A3-9474-1A3956D46DE8}") = "04.ISP", "04.ISP", "{224626A4-4E5C-4319-8BF6-33E6AFFE8592}"
EndProject
Project("{2150E333-8FDC-42A3-9474-1A3956D46DE8}") = "05.DIP", "05.DIP", "{5579C443-D6D4-44BC-AFF8-E5600C5A4980}"
EndProject
Project("{9A19103F-16F7-4668-BE54-9A1E7A4F7556}") = "P01. DrawingShape-After", "Demo-Resources\01. SRP\P01. DrawingShape-After\P01. DrawingShape-After.csproj", "{3173D7FB-4C1C-4F5F-96C0-6BE626AA1DFA}"
EndProject
Project("{9A19103F-16F7-4668-BE54-9A1E7A4F7556}") = "P02. Books-After", "Demo-Resources\01. SRP\P02. Books-After\P02. Books-After.csproj", "{4E8D4972-CFC2-499E-8B5B-015F24AB57FE}"
EndProject
Project("{9A19103F-16F7-4668-BE54-9A1E7A4F7556}") = "P01. FileStream-After", "Demo-Resources\02. OCP\P01. FileStream-After\P01. FileStream-After.csproj", "{83508A28-1989-4F64-9D99-F2C6FFDC5788}"
EndProject
Project("{9A19103F-16F7-4668-BE54-9A1E7A4F7556}") = "P02. DrawingShape-After", "Demo-Resources\02. OCP\P02. DrawingShape-After\P02. DrawingShape-After.csproj", "{C56E9FEF-317A-45E9-8808-568ECE67DB88}"
EndProject
Project("{9A19103F-16F7-4668-BE54-9A1E7A4F7556}") = "P03. ShoppingCart-After", "Demo-Resources\02. OCP\P03. ShoppingCart-After\P03. ShoppingCart-After.csproj", "{11F06187-3E42-4EC9-9033-D7FDE79849B9}"
EndProject
Project("{9A19103F-16F7-4668-BE54-9A1E7A4F7556}") = "P01. Square-After", "Demo-Resources\03. Liskov Substitution\P01. Square-After\P01. Square-After.csproj", "{D1BC06AE-C54C-438A-B22D-6A77613894F1}"
EndProject
Project("{9A19103F-16F7-4668-BE54-9A1E7A4F7556}") = "P01. Worker-After", "Demo-Resources\04. ISP\P01. Worker-After\P01. Worker-After.csproj", "{CB51F9B2-8155-4BD3-ABF4-6346A52BC28C}"
EndProject
Project("{9A19103F-16F7-4668-BE54-9A1E7A4F7556}") = "P02. Identity-After", "Demo-Resources\04. ISP\P02. Identity-After\P02. Identity-After.csproj", "{507D8ECB-056F-4D9C-8E25-BC1F078D69FD}"
EndProject
Project("{9A19103F-16F7-4668-BE54-9A1E7A4F7556}") = "P01. HelloWorld-After", "Demo-Resources\05. DIP\P01. HelloWorld-After\P01. HelloWorld-After.csproj", "{756F8CDA-5D5D-4D8B-9C02-A2F7126F4141}"
EndProject
Project("{9A19103F-16F7-4668-BE54-9A1E7A4F7556}") = "P02. Worker-After", "Demo-Resources\05. DIP\P02. Worker-After\P02. Worker-After.csproj", "{57DE2539-7481-4F62-908A-7195C56AD215}"
EndProject
Project("{9A19103F-16F7-4668-BE54-9A1E7A4F7556}") = "P03. Database-After", "Demo-Resources\05. DIP\P03. Database-After\P03. Database-After.csproj", "{B4843B12-D1E7-4A66-8335-65C3397B99D7}"
EndProject
Project("{9A19103F-16F7-4668-BE54-9A1E7A4F7556}") = "P01.Stream_Progress", "Lab-Skeleton\P01.Stream_Progress\P01.Stream_Progress.csproj", "{E3C99A3D-151C-4F93-88CB-EEADA2D77C40}"
EndProject
Project("{9A19103F-16F7-4668-BE54-9A1E7A4F7556}") = "P02.Graphic_Editor", "Lab-Skeleton\P02.Graphic_Editor\P02.Graphic_Editor.csproj", "{7F8C520A-AEE0-48C0-AD99-4BA94106F2F4}"
EndProject
Project("{9A19103F-16F7-4668-BE54-9A1E7A4F7556}") = "P03.Detail_Printer", "Lab-Skeleton\P03.Detail_Printer\P03.Detail_Printer.csproj", "{F169C677-4A8F-4EB3-AFA6-9FE95CC2BFD4}"
EndProject
Project("{9A19103F-16F7-4668-BE54-9A1E7A4F7556}") = "P04.Recharge", "Lab-Skeleton\P04.Recharge\P04.Recharge.csproj", "{AB8621FA-BBC9-447B-8819-9A8B112A8AE6}"
EndProject
Global
	GlobalSection(SolutionConfigurationPlatforms) = preSolution
		Debug|Any CPU = Debug|Any CPU
		Release|Any CPU = Release|Any CPU
	EndGlobalSection
	GlobalSection(ProjectConfigurationPlatforms) = postSolution
		{3542ED91-9651-4DC0-9EAF-8402543B93FA}.Debug|Any CPU.ActiveCfg = Debug|Any CPU
		{3542ED91-9651-4DC0-9EAF-8402543B93FA}.Debug|Any CPU.Build.0 = Debug|Any CPU
		{3542ED91-9651-4DC0-9EAF-8402543B93FA}.Release|Any CPU.ActiveCfg = Release|Any CPU
		{3542ED91-9651-4DC0-9EAF-8402543B93FA}.Release|Any CPU.Build.0 = Release|Any CPU
		{CEFF8351-F34D-4157-8721-E90D12BB9713}.Debug|Any CPU.ActiveCfg = Debug|Any CPU
		{CEFF8351-F34D-4157-8721-E90D12BB9713}.Debug|Any CPU.Build.0 = Debug|Any CPU
		{CEFF8351-F34D-4157-8721-E90D12BB9713}.Release|Any CPU.ActiveCfg = Release|Any CPU
		{CEFF8351-F34D-4157-8721-E90D12BB9713}.Release|Any CPU.Build.0 = Release|Any CPU
		{09B57A06-B20D-4F83-B6AD-E5D184211653}.Debug|Any CPU.ActiveCfg = Debug|Any CPU
		{09B57A06-B20D-4F83-B6AD-E5D184211653}.Debug|Any CPU.Build.0 = Debug|Any CPU
		{09B57A06-B20D-4F83-B6AD-E5D184211653}.Release|Any CPU.ActiveCfg = Release|Any CPU
		{09B57A06-B20D-4F83-B6AD-E5D184211653}.Release|Any CPU.Build.0 = Release|Any CPU
		{B2F0559F-38CA-49CB-AFF6-FC94C4749613}.Debug|Any CPU.ActiveCfg = Debug|Any CPU
		{B2F0559F-38CA-49CB-AFF6-FC94C4749613}.Debug|Any CPU.Build.0 = Debug|Any CPU
		{B2F0559F-38CA-49CB-AFF6-FC94C4749613}.Release|Any CPU.ActiveCfg = Release|Any CPU
		{B2F0559F-38CA-49CB-AFF6-FC94C4749613}.Release|Any CPU.Build.0 = Release|Any CPU
		{46FDE416-4866-4AD3-86BD-C31B8187D6FC}.Debug|Any CPU.ActiveCfg = Debug|Any CPU
		{46FDE416-4866-4AD3-86BD-C31B8187D6FC}.Debug|Any CPU.Build.0 = Debug|Any CPU
		{46FDE416-4866-4AD3-86BD-C31B8187D6FC}.Release|Any CPU.ActiveCfg = Release|Any CPU
		{46FDE416-4866-4AD3-86BD-C31B8187D6FC}.Release|Any CPU.Build.0 = Release|Any CPU
		{41681C7A-497E-4A1B-AC42-33E7081B64C5}.Debug|Any CPU.ActiveCfg = Debug|Any CPU
		{41681C7A-497E-4A1B-AC42-33E7081B64C5}.Debug|Any CPU.Build.0 = Debug|Any CPU
		{41681C7A-497E-4A1B-AC42-33E7081B64C5}.Release|Any CPU.ActiveCfg = Release|Any CPU
		{41681C7A-497E-4A1B-AC42-33E7081B64C5}.Release|Any CPU.Build.0 = Release|Any CPU
		{5493D262-FD30-4EBB-B66D-3BF98D484665}.Debug|Any CPU.ActiveCfg = Debug|Any CPU
		{5493D262-FD30-4EBB-B66D-3BF98D484665}.Debug|Any CPU.Build.0 = Debug|Any CPU
		{5493D262-FD30-4EBB-B66D-3BF98D484665}.Release|Any CPU.ActiveCfg = Release|Any CPU
		{5493D262-FD30-4EBB-B66D-3BF98D484665}.Release|Any CPU.Build.0 = Release|Any CPU
		{D69D0FC8-5153-4B16-B0EF-B6623BE9AC00}.Debug|Any CPU.ActiveCfg = Debug|Any CPU
		{D69D0FC8-5153-4B16-B0EF-B6623BE9AC00}.Debug|Any CPU.Build.0 = Debug|Any CPU
		{D69D0FC8-5153-4B16-B0EF-B6623BE9AC00}.Release|Any CPU.ActiveCfg = Release|Any CPU
		{D69D0FC8-5153-4B16-B0EF-B6623BE9AC00}.Release|Any CPU.Build.0 = Release|Any CPU
		{57FD0CB1-2C07-4B73-A152-B7730CB3A710}.Debug|Any CPU.ActiveCfg = Debug|Any CPU
		{57FD0CB1-2C07-4B73-A152-B7730CB3A710}.Debug|Any CPU.Build.0 = Debug|Any CPU
		{57FD0CB1-2C07-4B73-A152-B7730CB3A710}.Release|Any CPU.ActiveCfg = Release|Any CPU
		{57FD0CB1-2C07-4B73-A152-B7730CB3A710}.Release|Any CPU.Build.0 = Release|Any CPU
		{19B3B557-FAC7-44AC-8EF3-0A5B1C7ACB38}.Debug|Any CPU.ActiveCfg = Debug|Any CPU
		{19B3B557-FAC7-44AC-8EF3-0A5B1C7ACB38}.Debug|Any CPU.Build.0 = Debug|Any CPU
		{19B3B557-FAC7-44AC-8EF3-0A5B1C7ACB38}.Release|Any CPU.ActiveCfg = Release|Any CPU
		{19B3B557-FAC7-44AC-8EF3-0A5B1C7ACB38}.Release|Any CPU.Build.0 = Release|Any CPU
		{06A818BA-B6A5-4B6D-ACA2-8ED1E9C8419F}.Debug|Any CPU.ActiveCfg = Debug|Any CPU
		{06A818BA-B6A5-4B6D-ACA2-8ED1E9C8419F}.Debug|Any CPU.Build.0 = Debug|Any CPU
		{06A818BA-B6A5-4B6D-ACA2-8ED1E9C8419F}.Release|Any CPU.ActiveCfg = Release|Any CPU
		{06A818BA-B6A5-4B6D-ACA2-8ED1E9C8419F}.Release|Any CPU.Build.0 = Release|Any CPU
		{3173D7FB-4C1C-4F5F-96C0-6BE626AA1DFA}.Debug|Any CPU.ActiveCfg = Debug|Any CPU
		{3173D7FB-4C1C-4F5F-96C0-6BE626AA1DFA}.Debug|Any CPU.Build.0 = Debug|Any CPU
		{3173D7FB-4C1C-4F5F-96C0-6BE626AA1DFA}.Release|Any CPU.ActiveCfg = Release|Any CPU
		{3173D7FB-4C1C-4F5F-96C0-6BE626AA1DFA}.Release|Any CPU.Build.0 = Release|Any CPU
		{4E8D4972-CFC2-499E-8B5B-015F24AB57FE}.Debug|Any CPU.ActiveCfg = Debug|Any CPU
		{4E8D4972-CFC2-499E-8B5B-015F24AB57FE}.Debug|Any CPU.Build.0 = Debug|Any CPU
		{4E8D4972-CFC2-499E-8B5B-015F24AB57FE}.Release|Any CPU.ActiveCfg = Release|Any CPU
		{4E8D4972-CFC2-499E-8B5B-015F24AB57FE}.Release|Any CPU.Build.0 = Release|Any CPU
		{83508A28-1989-4F64-9D99-F2C6FFDC5788}.Debug|Any CPU.ActiveCfg = Debug|Any CPU
		{83508A28-1989-4F64-9D99-F2C6FFDC5788}.Debug|Any CPU.Build.0 = Debug|Any CPU
		{83508A28-1989-4F64-9D99-F2C6FFDC5788}.Release|Any CPU.ActiveCfg = Release|Any CPU
		{83508A28-1989-4F64-9D99-F2C6FFDC5788}.Release|Any CPU.Build.0 = Release|Any CPU
		{C56E9FEF-317A-45E9-8808-568ECE67DB88}.Debug|Any CPU.ActiveCfg = Debug|Any CPU
		{C56E9FEF-317A-45E9-8808-568ECE67DB88}.Debug|Any CPU.Build.0 = Debug|Any CPU
		{C56E9FEF-317A-45E9-8808-568ECE67DB88}.Release|Any CPU.ActiveCfg = Release|Any CPU
		{C56E9FEF-317A-45E9-8808-568ECE67DB88}.Release|Any CPU.Build.0 = Release|Any CPU
		{11F06187-3E42-4EC9-9033-D7FDE79849B9}.Debug|Any CPU.ActiveCfg = Debug|Any CPU
		{11F06187-3E42-4EC9-9033-D7FDE79849B9}.Debug|Any CPU.Build.0 = Debug|Any CPU
		{11F06187-3E42-4EC9-9033-D7FDE79849B9}.Release|Any CPU.ActiveCfg = Release|Any CPU
		{11F06187-3E42-4EC9-9033-D7FDE79849B9}.Release|Any CPU.Build.0 = Release|Any CPU
		{D1BC06AE-C54C-438A-B22D-6A77613894F1}.Debug|Any CPU.ActiveCfg = Debug|Any CPU
		{D1BC06AE-C54C-438A-B22D-6A77613894F1}.Debug|Any CPU.Build.0 = Debug|Any CPU
		{D1BC06AE-C54C-438A-B22D-6A77613894F1}.Release|Any CPU.ActiveCfg = Release|Any CPU
		{D1BC06AE-C54C-438A-B22D-6A77613894F1}.Release|Any CPU.Build.0 = Release|Any CPU
		{CB51F9B2-8155-4BD3-ABF4-6346A52BC28C}.Debug|Any CPU.ActiveCfg = Debug|Any CPU
		{CB51F9B2-8155-4BD3-ABF4-6346A52BC28C}.Debug|Any CPU.Build.0 = Debug|Any CPU
		{CB51F9B2-8155-4BD3-ABF4-6346A52BC28C}.Release|Any CPU.ActiveCfg = Release|Any CPU
		{CB51F9B2-8155-4BD3-ABF4-6346A52BC28C}.Release|Any CPU.Build.0 = Release|Any CPU
		{507D8ECB-056F-4D9C-8E25-BC1F078D69FD}.Debug|Any CPU.ActiveCfg = Debug|Any CPU
		{507D8ECB-056F-4D9C-8E25-BC1F078D69FD}.Debug|Any CPU.Build.0 = Debug|Any CPU
		{507D8ECB-056F-4D9C-8E25-BC1F078D69FD}.Release|Any CPU.ActiveCfg = Release|Any CPU
		{507D8ECB-056F-4D9C-8E25-BC1F078D69FD}.Release|Any CPU.Build.0 = Release|Any CPU
		{756F8CDA-5D5D-4D8B-9C02-A2F7126F4141}.Debug|Any CPU.ActiveCfg = Debug|Any CPU
		{756F8CDA-5D5D-4D8B-9C02-A2F7126F4141}.Debug|Any CPU.Build.0 = Debug|Any CPU
		{756F8CDA-5D5D-4D8B-9C02-A2F7126F4141}.Release|Any CPU.ActiveCfg = Release|Any CPU
		{756F8CDA-5D5D-4D8B-9C02-A2F7126F4141}.Release|Any CPU.Build.0 = Release|Any CPU
		{57DE2539-7481-4F62-908A-7195C56AD215}.Debug|Any CPU.ActiveCfg = Debug|Any CPU
		{57DE2539-7481-4F62-908A-7195C56AD215}.Debug|Any CPU.Build.0 = Debug|Any CPU
		{57DE2539-7481-4F62-908A-7195C56AD215}.Release|Any CPU.ActiveCfg = Release|Any CPU
		{57DE2539-7481-4F62-908A-7195C56AD215}.Release|Any CPU.Build.0 = Release|Any CPU
		{B4843B12-D1E7-4A66-8335-65C3397B99D7}.Debug|Any CPU.ActiveCfg = Debug|Any CPU
		{B4843B12-D1E7-4A66-8335-65C3397B99D7}.Debug|Any CPU.Build.0 = Debug|Any CPU
		{B4843B12-D1E7-4A66-8335-65C3397B99D7}.Release|Any CPU.ActiveCfg = Release|Any CPU
		{B4843B12-D1E7-4A66-8335-65C3397B99D7}.Release|Any CPU.Build.0 = Release|Any CPU
		{E3C99A3D-151C-4F93-88CB-EEADA2D77C40}.Debug|Any CPU.ActiveCfg = Debug|Any CPU
		{E3C99A3D-151C-4F93-88CB-EEADA2D77C40}.Debug|Any CPU.Build.0 = Debug|Any CPU
		{E3C99A3D-151C-4F93-88CB-EEADA2D77C40}.Release|Any CPU.ActiveCfg = Release|Any CPU
		{E3C99A3D-151C-4F93-88CB-EEADA2D77C40}.Release|Any CPU.Build.0 = Release|Any CPU
		{7F8C520A-AEE0-48C0-AD99-4BA94106F2F4}.Debug|Any CPU.ActiveCfg = Debug|Any CPU
		{7F8C520A-AEE0-48C0-AD99-4BA94106F2F4}.Debug|Any CPU.Build.0 = Debug|Any CPU
		{7F8C520A-AEE0-48C0-AD99-4BA94106F2F4}.Release|Any CPU.ActiveCfg = Release|Any CPU
		{7F8C520A-AEE0-48C0-AD99-4BA94106F2F4}.Release|Any CPU.Build.0 = Release|Any CPU
		{F169C677-4A8F-4EB3-AFA6-9FE95CC2BFD4}.Debug|Any CPU.ActiveCfg = Debug|Any CPU
		{F169C677-4A8F-4EB3-AFA6-9FE95CC2BFD4}.Debug|Any CPU.Build.0 = Debug|Any CPU
		{F169C677-4A8F-4EB3-AFA6-9FE95CC2BFD4}.Release|Any CPU.ActiveCfg = Release|Any CPU
		{F169C677-4A8F-4EB3-AFA6-9FE95CC2BFD4}.Release|Any CPU.Build.0 = Release|Any CPU
		{AB8621FA-BBC9-447B-8819-9A8B112A8AE6}.Debug|Any CPU.ActiveCfg = Debug|Any CPU
		{AB8621FA-BBC9-447B-8819-9A8B112A8AE6}.Debug|Any CPU.Build.0 = Debug|Any CPU
		{AB8621FA-BBC9-447B-8819-9A8B112A8AE6}.Release|Any CPU.ActiveCfg = Release|Any CPU
		{AB8621FA-BBC9-447B-8819-9A8B112A8AE6}.Release|Any CPU.Build.0 = Release|Any CPU
	EndGlobalSection
	GlobalSection(SolutionProperties) = preSolution
		HideSolutionNode = FALSE
	EndGlobalSection
	GlobalSection(NestedProjects) = preSolution
		{3542ED91-9651-4DC0-9EAF-8402543B93FA} = {6A72C929-8701-4381-A5A4-114BFCF0D76C}
		{CEFF8351-F34D-4157-8721-E90D12BB9713} = {6A72C929-8701-4381-A5A4-114BFCF0D76C}
		{09B57A06-B20D-4F83-B6AD-E5D184211653} = {B1D68EF3-C9CD-401E-A140-1AD16CAED459}
		{B2F0559F-38CA-49CB-AFF6-FC94C4749613} = {B1D68EF3-C9CD-401E-A140-1AD16CAED459}
		{46FDE416-4866-4AD3-86BD-C31B8187D6FC} = {B1D68EF3-C9CD-401E-A140-1AD16CAED459}
		{41681C7A-497E-4A1B-AC42-33E7081B64C5} = {D7AD3F56-C3C8-4706-B986-B2AF7ECB9573}
		{5493D262-FD30-4EBB-B66D-3BF98D484665} = {224626A4-4E5C-4319-8BF6-33E6AFFE8592}
		{D69D0FC8-5153-4B16-B0EF-B6623BE9AC00} = {224626A4-4E5C-4319-8BF6-33E6AFFE8592}
		{57FD0CB1-2C07-4B73-A152-B7730CB3A710} = {5579C443-D6D4-44BC-AFF8-E5600C5A4980}
		{19B3B557-FAC7-44AC-8EF3-0A5B1C7ACB38} = {5579C443-D6D4-44BC-AFF8-E5600C5A4980}
		{06A818BA-B6A5-4B6D-ACA2-8ED1E9C8419F} = {5579C443-D6D4-44BC-AFF8-E5600C5A4980}
		{3173D7FB-4C1C-4F5F-96C0-6BE626AA1DFA} = {6A72C929-8701-4381-A5A4-114BFCF0D76C}
		{4E8D4972-CFC2-499E-8B5B-015F24AB57FE} = {6A72C929-8701-4381-A5A4-114BFCF0D76C}
		{83508A28-1989-4F64-9D99-F2C6FFDC5788} = {B1D68EF3-C9CD-401E-A140-1AD16CAED459}
		{C56E9FEF-317A-45E9-8808-568ECE67DB88} = {B1D68EF3-C9CD-401E-A140-1AD16CAED459}
		{11F06187-3E42-4EC9-9033-D7FDE79849B9} = {B1D68EF3-C9CD-401E-A140-1AD16CAED459}
		{D1BC06AE-C54C-438A-B22D-6A77613894F1} = {D7AD3F56-C3C8-4706-B986-B2AF7ECB9573}
		{CB51F9B2-8155-4BD3-ABF4-6346A52BC28C} = {224626A4-4E5C-4319-8BF6-33E6AFFE8592}
		{507D8ECB-056F-4D9C-8E25-BC1F078D69FD} = {224626A4-4E5C-4319-8BF6-33E6AFFE8592}
		{756F8CDA-5D5D-4D8B-9C02-A2F7126F4141} = {5579C443-D6D4-44BC-AFF8-E5600C5A4980}
		{57DE2539-7481-4F62-908A-7195C56AD215} = {5579C443-D6D4-44BC-AFF8-E5600C5A4980}
		{B4843B12-D1E7-4A66-8335-65C3397B99D7} = {5579C443-D6D4-44BC-AFF8-E5600C5A4980}
	EndGlobalSection
	GlobalSection(ExtensibilityGlobals) = postSolution
		SolutionGuid = {25B0D6AA-0545-4DA0-86E8-58F09B024C97}
	EndGlobalSection
EndGlobal
