
Microsoft Visual Studio Solution File, Format Version 12.00
# Visual Studio Version 16
VisualStudioVersion = 16.0.30804.86
MinimumVisualStudioVersion = 10.0.40219.1
Project("{9A19103F-16F7-4668-BE54-9A1E7A4F7556}") = "Christmas", "03.Christmas_Problem\Christmas.csproj", "{79DC74E3-A1DA-4BA5-B36F-9A2C615665C4}"
EndProject
Project("{FAE04EC0-301F-11D3-BF4B-00C04F79EFBC}") = "02.Santa's Present Factory", "02.Santa's Present Factory\02.Santa's Present Factory.csproj", "{929618F4-97E7-4706-8ED9-42356B887520}"
EndProject
Project("{FAE04EC0-301F-11D3-BF4B-00C04F79EFBC}") = "03.Christmas", "03.Christmas\03.Christmas.csproj", "{6672B850-931A-4856-80D1-397AA7161215}"
EndProject
Global
	GlobalSection(SolutionConfigurationPlatforms) = preSolution
		Debug|Any CPU = Debug|Any CPU
		Release|Any CPU = Release|Any CPU
	EndGlobalSection
	GlobalSection(ProjectConfigurationPlatforms) = postSolution
		{79DC74E3-A1DA-4BA5-B36F-9A2C615665C4}.Debug|Any CPU.ActiveCfg = Debug|Any CPU
		{79DC74E3-A1DA-4BA5-B36F-9A2C615665C4}.Debug|Any CPU.Build.0 = Debug|Any CPU
		{79DC74E3-A1DA-4BA5-B36F-9A2C615665C4}.Release|Any CPU.ActiveCfg = Release|Any CPU
		{79DC74E3-A1DA-4BA5-B36F-9A2C615665C4}.Release|Any CPU.Build.0 = Release|Any CPU
		{929618F4-97E7-4706-8ED9-42356B887520}.Debug|Any CPU.ActiveCfg = Debug|Any CPU
		{929618F4-97E7-4706-8ED9-42356B887520}.Debug|Any CPU.Build.0 = Debug|Any CPU
		{929618F4-97E7-4706-8ED9-42356B887520}.Release|Any CPU.ActiveCfg = Release|Any CPU
		{929618F4-97E7-4706-8ED9-42356B887520}.Release|Any CPU.Build.0 = Release|Any CPU
		{6672B850-931A-4856-80D1-397AA7161215}.Debug|Any CPU.ActiveCfg = Debug|Any CPU
		{6672B850-931A-4856-80D1-397AA7161215}.Debug|Any CPU.Build.0 = Debug|Any CPU
		{6672B850-931A-4856-80D1-397AA7161215}.Release|Any CPU.ActiveCfg = Release|Any CPU
		{6672B850-931A-4856-80D1-397AA7161215}.Release|Any CPU.Build.0 = Release|Any CPU
	EndGlobalSection
	GlobalSection(SolutionProperties) = preSolution
		HideSolutionNode = FALSE
	EndGlobalSection
	GlobalSection(ExtensibilityGlobals) = postSolution
		SolutionGuid = {12365FA4-E174-4B22-AF90-F829FBDEB989}
	EndGlobalSection
EndGlobal
