
Microsoft Visual Studio Solution File, Format Version 12.00
# Visual Studio Version 16
VisualStudioVersion = 16.0.30804.86
MinimumVisualStudioVersion = 10.0.40219.1
Project("{FAE04EC0-301F-11D3-BF4B-00C04F79EFBC}") = "02.Shapes", "Shapes\02.Shapes.csproj", "{0C4CBD11-21DA-4234-BF9B-254D181E44D6}"
EndProject
Project("{FAE04EC0-301F-11D3-BF4B-00C04F79EFBC}") = "01.Cars", "Cars\01.Cars.csproj", "{0609C55A-1947-4454-AC37-F49340FF2D89}"
EndProject
Project("{FAE04EC0-301F-11D3-BF4B-00C04F79EFBC}") = "02.PersonInfo", "PersonInfo\02.PersonInfo.csproj", "{57123FFE-5BCD-43D6-8D0D-E0EE8293CA78}"
EndProject
Project("{FAE04EC0-301F-11D3-BF4B-00C04F79EFBC}") = "Ferrari", "03.Ferrari\Ferrari.csproj", "{4B92CBD1-A1D1-47B2-A038-723E87A0D448}"
EndProject
Project("{FAE04EC0-301F-11D3-BF4B-00C04F79EFBC}") = "03.Telephony", "04.Telephony\03.Telephony.csproj", "{D552DA2D-6395-44CB-B363-1EDBDE321986}"
EndProject
Project("{FAE04EC0-301F-11D3-BF4B-00C04F79EFBC}") = "04.BorderControl", "004.BorderControl\04.BorderControl.csproj", "{E11DF211-4C51-4ED5-BB1E-E9B62917435F}"
EndProject
Global
	GlobalSection(SolutionConfigurationPlatforms) = preSolution
		Debug|Any CPU = Debug|Any CPU
		Release|Any CPU = Release|Any CPU
	EndGlobalSection
	GlobalSection(ProjectConfigurationPlatforms) = postSolution
		{0C4CBD11-21DA-4234-BF9B-254D181E44D6}.Debug|Any CPU.ActiveCfg = Debug|Any CPU
		{0C4CBD11-21DA-4234-BF9B-254D181E44D6}.Debug|Any CPU.Build.0 = Debug|Any CPU
		{0C4CBD11-21DA-4234-BF9B-254D181E44D6}.Release|Any CPU.ActiveCfg = Release|Any CPU
		{0C4CBD11-21DA-4234-BF9B-254D181E44D6}.Release|Any CPU.Build.0 = Release|Any CPU
		{0609C55A-1947-4454-AC37-F49340FF2D89}.Debug|Any CPU.ActiveCfg = Debug|Any CPU
		{0609C55A-1947-4454-AC37-F49340FF2D89}.Debug|Any CPU.Build.0 = Debug|Any CPU
		{0609C55A-1947-4454-AC37-F49340FF2D89}.Release|Any CPU.ActiveCfg = Release|Any CPU
		{0609C55A-1947-4454-AC37-F49340FF2D89}.Release|Any CPU.Build.0 = Release|Any CPU
		{57123FFE-5BCD-43D6-8D0D-E0EE8293CA78}.Debug|Any CPU.ActiveCfg = Debug|Any CPU
		{57123FFE-5BCD-43D6-8D0D-E0EE8293CA78}.Debug|Any CPU.Build.0 = Debug|Any CPU
		{57123FFE-5BCD-43D6-8D0D-E0EE8293CA78}.Release|Any CPU.ActiveCfg = Release|Any CPU
		{57123FFE-5BCD-43D6-8D0D-E0EE8293CA78}.Release|Any CPU.Build.0 = Release|Any CPU
		{4B92CBD1-A1D1-47B2-A038-723E87A0D448}.Debug|Any CPU.ActiveCfg = Debug|Any CPU
		{4B92CBD1-A1D1-47B2-A038-723E87A0D448}.Debug|Any CPU.Build.0 = Debug|Any CPU
		{4B92CBD1-A1D1-47B2-A038-723E87A0D448}.Release|Any CPU.ActiveCfg = Release|Any CPU
		{4B92CBD1-A1D1-47B2-A038-723E87A0D448}.Release|Any CPU.Build.0 = Release|Any CPU
		{D552DA2D-6395-44CB-B363-1EDBDE321986}.Debug|Any CPU.ActiveCfg = Debug|Any CPU
		{D552DA2D-6395-44CB-B363-1EDBDE321986}.Debug|Any CPU.Build.0 = Debug|Any CPU
		{D552DA2D-6395-44CB-B363-1EDBDE321986}.Release|Any CPU.ActiveCfg = Release|Any CPU
		{D552DA2D-6395-44CB-B363-1EDBDE321986}.Release|Any CPU.Build.0 = Release|Any CPU
		{E11DF211-4C51-4ED5-BB1E-E9B62917435F}.Debug|Any CPU.ActiveCfg = Debug|Any CPU
		{E11DF211-4C51-4ED5-BB1E-E9B62917435F}.Debug|Any CPU.Build.0 = Debug|Any CPU
		{E11DF211-4C51-4ED5-BB1E-E9B62917435F}.Release|Any CPU.ActiveCfg = Release|Any CPU
		{E11DF211-4C51-4ED5-BB1E-E9B62917435F}.Release|Any CPU.Build.0 = Release|Any CPU
	EndGlobalSection
	GlobalSection(SolutionProperties) = preSolution
		HideSolutionNode = FALSE
	EndGlobalSection
	GlobalSection(ExtensibilityGlobals) = postSolution
		SolutionGuid = {B42BE919-56DC-4386-92C1-F893766C2992}
	EndGlobalSection
EndGlobal
