
Microsoft Visual Studio Solution File, Format Version 12.00
# Visual Studio Version 16
VisualStudioVersion = 16.0.30804.86
MinimumVisualStudioVersion = 10.0.40219.1
Project("{9A19103F-16F7-4668-BE54-9A1E7A4F7556}") = "01. Cooking", "01. Cooking\01. Cooking.csproj", "{44AEFFBF-5263-43E1-AE4D-901ADA1DD294}"
EndProject
Project("{9A19103F-16F7-4668-BE54-9A1E7A4F7556}") = "02. Selling", "02. Selling\02. Selling.csproj", "{355C6A00-8CD5-4F19-B503-447D954D4780}"
EndProject
Project("{9A19103F-16F7-4668-BE54-9A1E7A4F7556}") = "BakeryOpenning", "03. Openning\BakeryOpenning.csproj", "{63A98011-5A47-4924-8871-ABA62287F812}"
EndProject
Global
	GlobalSection(SolutionConfigurationPlatforms) = preSolution
		Debug|Any CPU = Debug|Any CPU
		Release|Any CPU = Release|Any CPU
	EndGlobalSection
	GlobalSection(ProjectConfigurationPlatforms) = postSolution
		{44AEFFBF-5263-43E1-AE4D-901ADA1DD294}.Debug|Any CPU.ActiveCfg = Debug|Any CPU
		{44AEFFBF-5263-43E1-AE4D-901ADA1DD294}.Debug|Any CPU.Build.0 = Debug|Any CPU
		{44AEFFBF-5263-43E1-AE4D-901ADA1DD294}.Release|Any CPU.ActiveCfg = Release|Any CPU
		{44AEFFBF-5263-43E1-AE4D-901ADA1DD294}.Release|Any CPU.Build.0 = Release|Any CPU
		{355C6A00-8CD5-4F19-B503-447D954D4780}.Debug|Any CPU.ActiveCfg = Debug|Any CPU
		{355C6A00-8CD5-4F19-B503-447D954D4780}.Debug|Any CPU.Build.0 = Debug|Any CPU
		{355C6A00-8CD5-4F19-B503-447D954D4780}.Release|Any CPU.ActiveCfg = Release|Any CPU
		{355C6A00-8CD5-4F19-B503-447D954D4780}.Release|Any CPU.Build.0 = Release|Any CPU
		{63A98011-5A47-4924-8871-ABA62287F812}.Debug|Any CPU.ActiveCfg = Debug|Any CPU
		{63A98011-5A47-4924-8871-ABA62287F812}.Debug|Any CPU.Build.0 = Debug|Any CPU
		{63A98011-5A47-4924-8871-ABA62287F812}.Release|Any CPU.ActiveCfg = Release|Any CPU
		{63A98011-5A47-4924-8871-ABA62287F812}.Release|Any CPU.Build.0 = Release|Any CPU
	EndGlobalSection
	GlobalSection(SolutionProperties) = preSolution
		HideSolutionNode = FALSE
	EndGlobalSection
	GlobalSection(ExtensibilityGlobals) = postSolution
		SolutionGuid = {96E78562-F0B9-4EA9-A2DE-E71285AE7376}
	EndGlobalSection
EndGlobal
