
Microsoft Visual Studio Solution File, Format Version 12.00
# Visual Studio Version 16
VisualStudioVersion = 16.0.31025.194
MinimumVisualStudioVersion = 10.0.40219.1
Project("{9A19103F-16F7-4668-BE54-9A1E7A4F7556}") = "INStock", "INStock\INStock.csproj", "{22480642-728A-44D7-8B52-58A4D070E2DE}"
EndProject
Project("{9A19103F-16F7-4668-BE54-9A1E7A4F7556}") = "INStock.Tests", "INStock.Tests\INStock.Tests.csproj", "{C4E89385-4926-4CCD-BB9A-5C1A0D48C14C}"
EndProject
Project("{9A19103F-16F7-4668-BE54-9A1E7A4F7556}") = "Chainblock", "Chainblock\Chainblock.csproj", "{4E00719B-6C17-4483-8A9C-D39587753798}"
EndProject
Project("{9A19103F-16F7-4668-BE54-9A1E7A4F7556}") = "Chainblock.Tests", "Chainblock.Tests\Chainblock.Tests.csproj", "{5DC2B553-6145-4EB4-8D6B-91136F692DB5}"
EndProject
Global
	GlobalSection(SolutionConfigurationPlatforms) = preSolution
		Debug|Any CPU = Debug|Any CPU
		Release|Any CPU = Release|Any CPU
	EndGlobalSection
	GlobalSection(ProjectConfigurationPlatforms) = postSolution
		{22480642-728A-44D7-8B52-58A4D070E2DE}.Debug|Any CPU.ActiveCfg = Debug|Any CPU
		{22480642-728A-44D7-8B52-58A4D070E2DE}.Debug|Any CPU.Build.0 = Debug|Any CPU
		{22480642-728A-44D7-8B52-58A4D070E2DE}.Release|Any CPU.ActiveCfg = Release|Any CPU
		{22480642-728A-44D7-8B52-58A4D070E2DE}.Release|Any CPU.Build.0 = Release|Any CPU
		{C4E89385-4926-4CCD-BB9A-5C1A0D48C14C}.Debug|Any CPU.ActiveCfg = Debug|Any CPU
		{C4E89385-4926-4CCD-BB9A-5C1A0D48C14C}.Debug|Any CPU.Build.0 = Debug|Any CPU
		{C4E89385-4926-4CCD-BB9A-5C1A0D48C14C}.Release|Any CPU.ActiveCfg = Release|Any CPU
		{C4E89385-4926-4CCD-BB9A-5C1A0D48C14C}.Release|Any CPU.Build.0 = Release|Any CPU
		{4E00719B-6C17-4483-8A9C-D39587753798}.Debug|Any CPU.ActiveCfg = Debug|Any CPU
		{4E00719B-6C17-4483-8A9C-D39587753798}.Debug|Any CPU.Build.0 = Debug|Any CPU
		{4E00719B-6C17-4483-8A9C-D39587753798}.Release|Any CPU.ActiveCfg = Release|Any CPU
		{4E00719B-6C17-4483-8A9C-D39587753798}.Release|Any CPU.Build.0 = Release|Any CPU
		{5DC2B553-6145-4EB4-8D6B-91136F692DB5}.Debug|Any CPU.ActiveCfg = Debug|Any CPU
		{5DC2B553-6145-4EB4-8D6B-91136F692DB5}.Debug|Any CPU.Build.0 = Debug|Any CPU
		{5DC2B553-6145-4EB4-8D6B-91136F692DB5}.Release|Any CPU.ActiveCfg = Release|Any CPU
		{5DC2B553-6145-4EB4-8D6B-91136F692DB5}.Release|Any CPU.Build.0 = Release|Any CPU
	EndGlobalSection
	GlobalSection(SolutionProperties) = preSolution
		HideSolutionNode = FALSE
	EndGlobalSection
	GlobalSection(ExtensibilityGlobals) = postSolution
		SolutionGuid = {BD923A82-42D9-4080-B900-C630C3F32A85}
	EndGlobalSection
EndGlobal
