
Microsoft Visual Studio Solution File, Format Version 12.00
# Visual Studio Version 16
VisualStudioVersion = 16.0.30804.86
MinimumVisualStudioVersion = 10.0.40219.1
Project("{9A19103F-16F7-4668-BE54-9A1E7A4F7556}") = "9. Miner", "9. Miner\9. Miner.csproj", "{25674E30-634B-46B8-B471-CD558FF19064}"
EndProject
Project("{9A19103F-16F7-4668-BE54-9A1E7A4F7556}") = "8. Bombs", "8. Bombs\8. Bombs.csproj", "{35E117F6-C780-4A57-84CB-6FA179B7F1E4}"
EndProject
Project("{9A19103F-16F7-4668-BE54-9A1E7A4F7556}") = "7. Knight Game", "7. Knight Game\7. Knight Game.csproj", "{6E8D1D57-8F18-4F7E-AB64-E80B8088420D}"
EndProject
Project("{9A19103F-16F7-4668-BE54-9A1E7A4F7556}") = "5. Snake Moves", "5. Snake Moves\5. Snake Moves.csproj", "{700064E0-B105-4B82-B304-3542B75CAB66}"
EndProject
Project("{9A19103F-16F7-4668-BE54-9A1E7A4F7556}") = "3. Maximal Sum", "3. Maximal Sum\3. Maximal Sum.csproj", "{52553FD5-7765-4C28-A1EB-71E720ADBCA3}"
EndProject
Project("{9A19103F-16F7-4668-BE54-9A1E7A4F7556}") = "4. Matrix Shuffling", "4. Matrix Shuffling\4. Matrix Shuffling.csproj", "{34029991-9BAF-44ED-BA6C-34D67A558739}"
EndProject
Project("{9A19103F-16F7-4668-BE54-9A1E7A4F7556}") = "6. Jagged Array Manipulator", "6. Jagged Array Manipulator\6. Jagged Array Manipulator.csproj", "{E9F4959D-3D77-4A95-BBCB-A829B98784E5}"
EndProject
Project("{9A19103F-16F7-4668-BE54-9A1E7A4F7556}") = "2. Squares in Matrix", "2. Squares in Matrix\2. Squares in Matrix.csproj", "{FF77BAE5-DC74-487D-AF00-1E4045C8A194}"
EndProject
Project("{9A19103F-16F7-4668-BE54-9A1E7A4F7556}") = "1. Diagonal Difference", "1. Diagonal Difference\1. Diagonal Difference.csproj", "{F82A06A7-4D1F-4DA7-B6D7-2AC0AB038EA2}"
EndProject
Project("{FAE04EC0-301F-11D3-BF4B-00C04F79EFBC}") = "last exercise", "last exercise\last exercise.csproj", "{DEAA7F46-FA13-4CFA-BEE7-CACE0A846ADB}"
EndProject
Global
	GlobalSection(SolutionConfigurationPlatforms) = preSolution
		Debug|Any CPU = Debug|Any CPU
		Release|Any CPU = Release|Any CPU
	EndGlobalSection
	GlobalSection(ProjectConfigurationPlatforms) = postSolution
		{25674E30-634B-46B8-B471-CD558FF19064}.Debug|Any CPU.ActiveCfg = Debug|Any CPU
		{25674E30-634B-46B8-B471-CD558FF19064}.Debug|Any CPU.Build.0 = Debug|Any CPU
		{25674E30-634B-46B8-B471-CD558FF19064}.Release|Any CPU.ActiveCfg = Release|Any CPU
		{25674E30-634B-46B8-B471-CD558FF19064}.Release|Any CPU.Build.0 = Release|Any CPU
		{35E117F6-C780-4A57-84CB-6FA179B7F1E4}.Debug|Any CPU.ActiveCfg = Debug|Any CPU
		{35E117F6-C780-4A57-84CB-6FA179B7F1E4}.Debug|Any CPU.Build.0 = Debug|Any CPU
		{35E117F6-C780-4A57-84CB-6FA179B7F1E4}.Release|Any CPU.ActiveCfg = Release|Any CPU
		{35E117F6-C780-4A57-84CB-6FA179B7F1E4}.Release|Any CPU.Build.0 = Release|Any CPU
		{6E8D1D57-8F18-4F7E-AB64-E80B8088420D}.Debug|Any CPU.ActiveCfg = Debug|Any CPU
		{6E8D1D57-8F18-4F7E-AB64-E80B8088420D}.Debug|Any CPU.Build.0 = Debug|Any CPU
		{6E8D1D57-8F18-4F7E-AB64-E80B8088420D}.Release|Any CPU.ActiveCfg = Release|Any CPU
		{6E8D1D57-8F18-4F7E-AB64-E80B8088420D}.Release|Any CPU.Build.0 = Release|Any CPU
		{700064E0-B105-4B82-B304-3542B75CAB66}.Debug|Any CPU.ActiveCfg = Debug|Any CPU
		{700064E0-B105-4B82-B304-3542B75CAB66}.Debug|Any CPU.Build.0 = Debug|Any CPU
		{700064E0-B105-4B82-B304-3542B75CAB66}.Release|Any CPU.ActiveCfg = Release|Any CPU
		{700064E0-B105-4B82-B304-3542B75CAB66}.Release|Any CPU.Build.0 = Release|Any CPU
		{52553FD5-7765-4C28-A1EB-71E720ADBCA3}.Debug|Any CPU.ActiveCfg = Debug|Any CPU
		{52553FD5-7765-4C28-A1EB-71E720ADBCA3}.Debug|Any CPU.Build.0 = Debug|Any CPU
		{52553FD5-7765-4C28-A1EB-71E720ADBCA3}.Release|Any CPU.ActiveCfg = Release|Any CPU
		{52553FD5-7765-4C28-A1EB-71E720ADBCA3}.Release|Any CPU.Build.0 = Release|Any CPU
		{34029991-9BAF-44ED-BA6C-34D67A558739}.Debug|Any CPU.ActiveCfg = Debug|Any CPU
		{34029991-9BAF-44ED-BA6C-34D67A558739}.Debug|Any CPU.Build.0 = Debug|Any CPU
		{34029991-9BAF-44ED-BA6C-34D67A558739}.Release|Any CPU.ActiveCfg = Release|Any CPU
		{34029991-9BAF-44ED-BA6C-34D67A558739}.Release|Any CPU.Build.0 = Release|Any CPU
		{E9F4959D-3D77-4A95-BBCB-A829B98784E5}.Debug|Any CPU.ActiveCfg = Debug|Any CPU
		{E9F4959D-3D77-4A95-BBCB-A829B98784E5}.Debug|Any CPU.Build.0 = Debug|Any CPU
		{E9F4959D-3D77-4A95-BBCB-A829B98784E5}.Release|Any CPU.ActiveCfg = Release|Any CPU
		{E9F4959D-3D77-4A95-BBCB-A829B98784E5}.Release|Any CPU.Build.0 = Release|Any CPU
		{FF77BAE5-DC74-487D-AF00-1E4045C8A194}.Debug|Any CPU.ActiveCfg = Debug|Any CPU
		{FF77BAE5-DC74-487D-AF00-1E4045C8A194}.Debug|Any CPU.Build.0 = Debug|Any CPU
		{FF77BAE5-DC74-487D-AF00-1E4045C8A194}.Release|Any CPU.ActiveCfg = Release|Any CPU
		{FF77BAE5-DC74-487D-AF00-1E4045C8A194}.Release|Any CPU.Build.0 = Release|Any CPU
		{F82A06A7-4D1F-4DA7-B6D7-2AC0AB038EA2}.Debug|Any CPU.ActiveCfg = Debug|Any CPU
		{F82A06A7-4D1F-4DA7-B6D7-2AC0AB038EA2}.Debug|Any CPU.Build.0 = Debug|Any CPU
		{F82A06A7-4D1F-4DA7-B6D7-2AC0AB038EA2}.Release|Any CPU.ActiveCfg = Release|Any CPU
		{F82A06A7-4D1F-4DA7-B6D7-2AC0AB038EA2}.Release|Any CPU.Build.0 = Release|Any CPU
		{DEAA7F46-FA13-4CFA-BEE7-CACE0A846ADB}.Debug|Any CPU.ActiveCfg = Debug|Any CPU
		{DEAA7F46-FA13-4CFA-BEE7-CACE0A846ADB}.Debug|Any CPU.Build.0 = Debug|Any CPU
		{DEAA7F46-FA13-4CFA-BEE7-CACE0A846ADB}.Release|Any CPU.ActiveCfg = Release|Any CPU
		{DEAA7F46-FA13-4CFA-BEE7-CACE0A846ADB}.Release|Any CPU.Build.0 = Release|Any CPU
	EndGlobalSection
	GlobalSection(SolutionProperties) = preSolution
		HideSolutionNode = FALSE
	EndGlobalSection
	GlobalSection(ExtensibilityGlobals) = postSolution
		SolutionGuid = {42D634C5-71CB-4D45-A795-7F249BC514FD}
	EndGlobalSection
EndGlobal
