
Microsoft Visual Studio Solution File, Format Version 12.00
# Visual Studio Version 16
VisualStudioVersion = 16.0.31112.23
MinimumVisualStudioVersion = 10.0.40219.1
Project("{9A19103F-16F7-4668-BE54-9A1E7A4F7556}") = "MXGP", "MXGP.csproj", "{384DA730-4F57-4F60-A280-DB11550FB1C7}"
EndProject
Global
	GlobalSection(SolutionConfigurationPlatforms) = preSolution
		Debug|Any CPU = Debug|Any CPU
		Release|Any CPU = Release|Any CPU
	EndGlobalSection
	GlobalSection(ProjectConfigurationPlatforms) = postSolution
		{384DA730-4F57-4F60-A280-DB11550FB1C7}.Debug|Any CPU.ActiveCfg = Debug|Any CPU
		{384DA730-4F57-4F60-A280-DB11550FB1C7}.Debug|Any CPU.Build.0 = Debug|Any CPU
		{384DA730-4F57-4F60-A280-DB11550FB1C7}.Release|Any CPU.ActiveCfg = Release|Any CPU
		{384DA730-4F57-4F60-A280-DB11550FB1C7}.Release|Any CPU.Build.0 = Release|Any CPU
	EndGlobalSection
	GlobalSection(SolutionProperties) = preSolution
		HideSolutionNode = FALSE
	EndGlobalSection
	GlobalSection(ExtensibilityGlobals) = postSolution
		SolutionGuid = {9FACCA4F-52FF-455B-93C7-D8AD3BB5E5A0}
	EndGlobalSection
EndGlobal
