
Microsoft Visual Studio Solution File, Format Version 12.00
# Visual Studio Version 16
VisualStudioVersion = 16.0.30309.148
MinimumVisualStudioVersion = 10.0.40219.1
Project("{FAE04EC0-301F-11D3-BF4B-00C04F79EFBC}") = "01. Basic Stack Operations", "01. Basic Stack Operations\01. Basic Stack Operations.csproj", "{2AAA698B-E81A-4F5D-93D9-F7E2E2402963}"
EndProject
Project("{FAE04EC0-301F-11D3-BF4B-00C04F79EFBC}") = "02. Basic Queue Operations", "02. Basic Queue Operations\02. Basic Queue Operations.csproj", "{3FFE641E-DC85-494E-B7C0-70986BC5B7C9}"
EndProject
Project("{FAE04EC0-301F-11D3-BF4B-00C04F79EFBC}") = "03. Maximum and Minimum Element", "03. Maximum and Minimum Element\03. Maximum and Minimum Element.csproj", "{42C68B23-3BA3-42A0-90C4-64903CB6D86F}"
EndProject
Project("{FAE04EC0-301F-11D3-BF4B-00C04F79EFBC}") = "04. Fast Food", "04. Fast Food\04. Fast Food.csproj", "{666EF640-21C9-469C-9227-CAEBECCBF2CC}"
EndProject
Project("{FAE04EC0-301F-11D3-BF4B-00C04F79EFBC}") = "05. Fashion Boutique", "05. Fashion Boutique\05. Fashion Boutique.csproj", "{2F6E1D94-43EA-4476-B3C2-108CEB18B8EF}"
EndProject
Project("{FAE04EC0-301F-11D3-BF4B-00C04F79EFBC}") = "06. Songs Queue", "06. Songs Queue\06. Songs Queue.csproj", "{033194BC-7404-47F1-A4A8-1F59DA4C9E29}"
EndProject
Project("{FAE04EC0-301F-11D3-BF4B-00C04F79EFBC}") = "07. Truck Tour", "07. Truck Tour\07. Truck Tour.csproj", "{A9F7796A-94C5-4E45-B29F-48C6E8497661}"
EndProject
Project("{FAE04EC0-301F-11D3-BF4B-00C04F79EFBC}") = "08. Balanced Parenthesis", "08. Balanced Parenthesis\08. Balanced Parenthesis.csproj", "{C21F465F-A988-4CFB-9EB0-B7B2360097FC}"
EndProject
Project("{FAE04EC0-301F-11D3-BF4B-00C04F79EFBC}") = "09. Simple Text Editor", "09. Simple Text Editor\09. Simple Text Editor.csproj", "{ECDFC66B-E6BC-4674-B814-8F047AEB1AD2}"
EndProject
Project("{FAE04EC0-301F-11D3-BF4B-00C04F79EFBC}") = "10. Crossroad", "10. Crossroad\10. Crossroad.csproj", "{14E2DBE0-3E59-423A-BF5B-165A82C70EB9}"
EndProject
Project("{FAE04EC0-301F-11D3-BF4B-00C04F79EFBC}") = "11. Key Revolver", "11. Key Revolver\11. Key Revolver.csproj", "{B3500DD4-2922-4B87-AD32-A9212E5013DE}"
EndProject
Project("{FAE04EC0-301F-11D3-BF4B-00C04F79EFBC}") = "12. Cups and Bottles", "12. Cups and Bottles\12. Cups and Bottles.csproj", "{28DB2802-9881-44DC-BAFE-D1EFF47E045D}"
EndProject
Global
	GlobalSection(SolutionConfigurationPlatforms) = preSolution
		Debug|Any CPU = Debug|Any CPU
		Release|Any CPU = Release|Any CPU
	EndGlobalSection
	GlobalSection(ProjectConfigurationPlatforms) = postSolution
		{2AAA698B-E81A-4F5D-93D9-F7E2E2402963}.Debug|Any CPU.ActiveCfg = Debug|Any CPU
		{2AAA698B-E81A-4F5D-93D9-F7E2E2402963}.Debug|Any CPU.Build.0 = Debug|Any CPU
		{2AAA698B-E81A-4F5D-93D9-F7E2E2402963}.Release|Any CPU.ActiveCfg = Release|Any CPU
		{2AAA698B-E81A-4F5D-93D9-F7E2E2402963}.Release|Any CPU.Build.0 = Release|Any CPU
		{3FFE641E-DC85-494E-B7C0-70986BC5B7C9}.Debug|Any CPU.ActiveCfg = Debug|Any CPU
		{3FFE641E-DC85-494E-B7C0-70986BC5B7C9}.Debug|Any CPU.Build.0 = Debug|Any CPU
		{3FFE641E-DC85-494E-B7C0-70986BC5B7C9}.Release|Any CPU.ActiveCfg = Release|Any CPU
		{3FFE641E-DC85-494E-B7C0-70986BC5B7C9}.Release|Any CPU.Build.0 = Release|Any CPU
		{42C68B23-3BA3-42A0-90C4-64903CB6D86F}.Debug|Any CPU.ActiveCfg = Debug|Any CPU
		{42C68B23-3BA3-42A0-90C4-64903CB6D86F}.Debug|Any CPU.Build.0 = Debug|Any CPU
		{42C68B23-3BA3-42A0-90C4-64903CB6D86F}.Release|Any CPU.ActiveCfg = Release|Any CPU
		{42C68B23-3BA3-42A0-90C4-64903CB6D86F}.Release|Any CPU.Build.0 = Release|Any CPU
		{666EF640-21C9-469C-9227-CAEBECCBF2CC}.Debug|Any CPU.ActiveCfg = Debug|Any CPU
		{666EF640-21C9-469C-9227-CAEBECCBF2CC}.Debug|Any CPU.Build.0 = Debug|Any CPU
		{666EF640-21C9-469C-9227-CAEBECCBF2CC}.Release|Any CPU.ActiveCfg = Release|Any CPU
		{666EF640-21C9-469C-9227-CAEBECCBF2CC}.Release|Any CPU.Build.0 = Release|Any CPU
		{2F6E1D94-43EA-4476-B3C2-108CEB18B8EF}.Debug|Any CPU.ActiveCfg = Debug|Any CPU
		{2F6E1D94-43EA-4476-B3C2-108CEB18B8EF}.Debug|Any CPU.Build.0 = Debug|Any CPU
		{2F6E1D94-43EA-4476-B3C2-108CEB18B8EF}.Release|Any CPU.ActiveCfg = Release|Any CPU
		{2F6E1D94-43EA-4476-B3C2-108CEB18B8EF}.Release|Any CPU.Build.0 = Release|Any CPU
		{033194BC-7404-47F1-A4A8-1F59DA4C9E29}.Debug|Any CPU.ActiveCfg = Debug|Any CPU
		{033194BC-7404-47F1-A4A8-1F59DA4C9E29}.Debug|Any CPU.Build.0 = Debug|Any CPU
		{033194BC-7404-47F1-A4A8-1F59DA4C9E29}.Release|Any CPU.ActiveCfg = Release|Any CPU
		{033194BC-7404-47F1-A4A8-1F59DA4C9E29}.Release|Any CPU.Build.0 = Release|Any CPU
		{A9F7796A-94C5-4E45-B29F-48C6E8497661}.Debug|Any CPU.ActiveCfg = Debug|Any CPU
		{A9F7796A-94C5-4E45-B29F-48C6E8497661}.Debug|Any CPU.Build.0 = Debug|Any CPU
		{A9F7796A-94C5-4E45-B29F-48C6E8497661}.Release|Any CPU.ActiveCfg = Release|Any CPU
		{A9F7796A-94C5-4E45-B29F-48C6E8497661}.Release|Any CPU.Build.0 = Release|Any CPU
		{C21F465F-A988-4CFB-9EB0-B7B2360097FC}.Debug|Any CPU.ActiveCfg = Debug|Any CPU
		{C21F465F-A988-4CFB-9EB0-B7B2360097FC}.Debug|Any CPU.Build.0 = Debug|Any CPU
		{C21F465F-A988-4CFB-9EB0-B7B2360097FC}.Release|Any CPU.ActiveCfg = Release|Any CPU
		{C21F465F-A988-4CFB-9EB0-B7B2360097FC}.Release|Any CPU.Build.0 = Release|Any CPU
		{ECDFC66B-E6BC-4674-B814-8F047AEB1AD2}.Debug|Any CPU.ActiveCfg = Debug|Any CPU
		{ECDFC66B-E6BC-4674-B814-8F047AEB1AD2}.Debug|Any CPU.Build.0 = Debug|Any CPU
		{ECDFC66B-E6BC-4674-B814-8F047AEB1AD2}.Release|Any CPU.ActiveCfg = Release|Any CPU
		{ECDFC66B-E6BC-4674-B814-8F047AEB1AD2}.Release|Any CPU.Build.0 = Release|Any CPU
		{14E2DBE0-3E59-423A-BF5B-165A82C70EB9}.Debug|Any CPU.ActiveCfg = Debug|Any CPU
		{14E2DBE0-3E59-423A-BF5B-165A82C70EB9}.Debug|Any CPU.Build.0 = Debug|Any CPU
		{14E2DBE0-3E59-423A-BF5B-165A82C70EB9}.Release|Any CPU.ActiveCfg = Release|Any CPU
		{14E2DBE0-3E59-423A-BF5B-165A82C70EB9}.Release|Any CPU.Build.0 = Release|Any CPU
		{B3500DD4-2922-4B87-AD32-A9212E5013DE}.Debug|Any CPU.ActiveCfg = Debug|Any CPU
		{B3500DD4-2922-4B87-AD32-A9212E5013DE}.Debug|Any CPU.Build.0 = Debug|Any CPU
		{B3500DD4-2922-4B87-AD32-A9212E5013DE}.Release|Any CPU.ActiveCfg = Release|Any CPU
		{B3500DD4-2922-4B87-AD32-A9212E5013DE}.Release|Any CPU.Build.0 = Release|Any CPU
		{28DB2802-9881-44DC-BAFE-D1EFF47E045D}.Debug|Any CPU.ActiveCfg = Debug|Any CPU
		{28DB2802-9881-44DC-BAFE-D1EFF47E045D}.Debug|Any CPU.Build.0 = Debug|Any CPU
		{28DB2802-9881-44DC-BAFE-D1EFF47E045D}.Release|Any CPU.ActiveCfg = Release|Any CPU
		{28DB2802-9881-44DC-BAFE-D1EFF47E045D}.Release|Any CPU.Build.0 = Release|Any CPU
	EndGlobalSection
	GlobalSection(SolutionProperties) = preSolution
		HideSolutionNode = FALSE
	EndGlobalSection
	GlobalSection(ExtensibilityGlobals) = postSolution
		SolutionGuid = {C0E2B88C-200B-47C9-8CD0-33DFCC43B1D7}
	EndGlobalSection
EndGlobal
