
Microsoft Visual Studio Solution File, Format Version 12.00
# Visual Studio Version 16
VisualStudioVersion = 16.0.30804.86
MinimumVisualStudioVersion = 10.0.40219.1
Project("{FAE04EC0-301F-11D3-BF4B-00C04F79EFBC}") = "Stealer", "Stealer\Stealer.csproj", "{DEAAAF38-30B0-455D-855B-7E99BF37BF3B}"
EndProject
Project("{FAE04EC0-301F-11D3-BF4B-00C04F79EFBC}") = "AuthorProblem", "AuthorProblem\AuthorProblem.csproj", "{5D853AC6-9581-419B-A9BB-FA73AA0B5921}"
EndProject
Global
	GlobalSection(SolutionConfigurationPlatforms) = preSolution
		Debug|Any CPU = Debug|Any CPU
		Release|Any CPU = Release|Any CPU
	EndGlobalSection
	GlobalSection(ProjectConfigurationPlatforms) = postSolution
		{DEAAAF38-30B0-455D-855B-7E99BF37BF3B}.Debug|Any CPU.ActiveCfg = Debug|Any CPU
		{DEAAAF38-30B0-455D-855B-7E99BF37BF3B}.Debug|Any CPU.Build.0 = Debug|Any CPU
		{DEAAAF38-30B0-455D-855B-7E99BF37BF3B}.Release|Any CPU.ActiveCfg = Release|Any CPU
		{DEAAAF38-30B0-455D-855B-7E99BF37BF3B}.Release|Any CPU.Build.0 = Release|Any CPU
		{5D853AC6-9581-419B-A9BB-FA73AA0B5921}.Debug|Any CPU.ActiveCfg = Debug|Any CPU
		{5D853AC6-9581-419B-A9BB-FA73AA0B5921}.Debug|Any CPU.Build.0 = Debug|Any CPU
		{5D853AC6-9581-419B-A9BB-FA73AA0B5921}.Release|Any CPU.ActiveCfg = Release|Any CPU
		{5D853AC6-9581-419B-A9BB-FA73AA0B5921}.Release|Any CPU.Build.0 = Release|Any CPU
	EndGlobalSection
	GlobalSection(SolutionProperties) = preSolution
		HideSolutionNode = FALSE
	EndGlobalSection
	GlobalSection(ExtensibilityGlobals) = postSolution
		SolutionGuid = {CC69CE57-9316-4087-9C3D-E85503BFA67D}
	EndGlobalSection
EndGlobal
