
Microsoft Visual Studio Solution File, Format Version 12.00
# Visual Studio Version 16
VisualStudioVersion = 16.0.31025.194
MinimumVisualStudioVersion = 10.0.40219.1
Project("{9A19103F-16F7-4668-BE54-9A1E7A4F7556}") = "Aquariums.Tests", "Aquariums.Tests.csproj", "{07976CB3-F9D6-43B1-9759-BAAB6A5EE14C}"
EndProject
Project("{9A19103F-16F7-4668-BE54-9A1E7A4F7556}") = "Aquariums", "..\Aquariums\Aquariums.csproj", "{45FBE0C1-7A94-4EDE-AC48-CCF552B4825B}"
EndProject
Global
	GlobalSection(SolutionConfigurationPlatforms) = preSolution
		Debug|Any CPU = Debug|Any CPU
		Release|Any CPU = Release|Any CPU
	EndGlobalSection
	GlobalSection(ProjectConfigurationPlatforms) = postSolution
		{07976CB3-F9D6-43B1-9759-BAAB6A5EE14C}.Debug|Any CPU.ActiveCfg = Debug|Any CPU
		{07976CB3-F9D6-43B1-9759-BAAB6A5EE14C}.Debug|Any CPU.Build.0 = Debug|Any CPU
		{07976CB3-F9D6-43B1-9759-BAAB6A5EE14C}.Release|Any CPU.ActiveCfg = Release|Any CPU
		{07976CB3-F9D6-43B1-9759-BAAB6A5EE14C}.Release|Any CPU.Build.0 = Release|Any CPU
		{45FBE0C1-7A94-4EDE-AC48-CCF552B4825B}.Debug|Any CPU.ActiveCfg = Debug|Any CPU
		{45FBE0C1-7A94-4EDE-AC48-CCF552B4825B}.Debug|Any CPU.Build.0 = Debug|Any CPU
		{45FBE0C1-7A94-4EDE-AC48-CCF552B4825B}.Release|Any CPU.ActiveCfg = Release|Any CPU
		{45FBE0C1-7A94-4EDE-AC48-CCF552B4825B}.Release|Any CPU.Build.0 = Release|Any CPU
	EndGlobalSection
	GlobalSection(SolutionProperties) = preSolution
		HideSolutionNode = FALSE
	EndGlobalSection
	GlobalSection(ExtensibilityGlobals) = postSolution
		SolutionGuid = {E93A2163-884B-4C08-9F4F-B1688BDC43FB}
	EndGlobalSection
EndGlobal
