
Microsoft Visual Studio Solution File, Format Version 12.00
# Visual Studio Version 16
VisualStudioVersion = 16.0.30804.86
MinimumVisualStudioVersion = 10.0.40219.1
Project("{FAE04EC0-301F-11D3-BF4B-00C04F79EFBC}") = "05. Filter By Age", "05. Filter By Age\05. Filter By Age.csproj", "{5A97B217-059E-4BCE-A64C-2D24B7028117}"
EndProject
Project("{FAE04EC0-301F-11D3-BF4B-00C04F79EFBC}") = "04. Add VAT", "04. Add VAT\04. Add VAT.csproj", "{37FB6895-696B-4084-88E0-D3E5C31B6DF3}"
EndProject
Project("{FAE04EC0-301F-11D3-BF4B-00C04F79EFBC}") = "03. Count Uppercase Words", "03. Count Uppercase Words\03. Count Uppercase Words.csproj", "{248BB550-B6AC-4E76-874B-B8DBFBD35BB6}"
EndProject
Project("{FAE04EC0-301F-11D3-BF4B-00C04F79EFBC}") = "01. Sort Even Numbers", "01. Sort Even Numbers\01. Sort Even Numbers.csproj", "{1E131E16-AAB6-44AD-830F-DDEAA8A0813A}"
EndProject
Project("{FAE04EC0-301F-11D3-BF4B-00C04F79EFBC}") = "02. Sum Numbers", "02. Sum Numbers\02. Sum Numbers.csproj", "{C08201B6-5524-4595-B6DA-477BB226E3B2}"
EndProject
Global
	GlobalSection(SolutionConfigurationPlatforms) = preSolution
		Debug|Any CPU = Debug|Any CPU
		Release|Any CPU = Release|Any CPU
	EndGlobalSection
	GlobalSection(ProjectConfigurationPlatforms) = postSolution
		{5A97B217-059E-4BCE-A64C-2D24B7028117}.Debug|Any CPU.ActiveCfg = Debug|Any CPU
		{5A97B217-059E-4BCE-A64C-2D24B7028117}.Debug|Any CPU.Build.0 = Debug|Any CPU
		{5A97B217-059E-4BCE-A64C-2D24B7028117}.Release|Any CPU.ActiveCfg = Release|Any CPU
		{5A97B217-059E-4BCE-A64C-2D24B7028117}.Release|Any CPU.Build.0 = Release|Any CPU
		{37FB6895-696B-4084-88E0-D3E5C31B6DF3}.Debug|Any CPU.ActiveCfg = Debug|Any CPU
		{37FB6895-696B-4084-88E0-D3E5C31B6DF3}.Debug|Any CPU.Build.0 = Debug|Any CPU
		{37FB6895-696B-4084-88E0-D3E5C31B6DF3}.Release|Any CPU.ActiveCfg = Release|Any CPU
		{37FB6895-696B-4084-88E0-D3E5C31B6DF3}.Release|Any CPU.Build.0 = Release|Any CPU
		{248BB550-B6AC-4E76-874B-B8DBFBD35BB6}.Debug|Any CPU.ActiveCfg = Debug|Any CPU
		{248BB550-B6AC-4E76-874B-B8DBFBD35BB6}.Debug|Any CPU.Build.0 = Debug|Any CPU
		{248BB550-B6AC-4E76-874B-B8DBFBD35BB6}.Release|Any CPU.ActiveCfg = Release|Any CPU
		{248BB550-B6AC-4E76-874B-B8DBFBD35BB6}.Release|Any CPU.Build.0 = Release|Any CPU
		{1E131E16-AAB6-44AD-830F-DDEAA8A0813A}.Debug|Any CPU.ActiveCfg = Debug|Any CPU
		{1E131E16-AAB6-44AD-830F-DDEAA8A0813A}.Debug|Any CPU.Build.0 = Debug|Any CPU
		{1E131E16-AAB6-44AD-830F-DDEAA8A0813A}.Release|Any CPU.ActiveCfg = Release|Any CPU
		{1E131E16-AAB6-44AD-830F-DDEAA8A0813A}.Release|Any CPU.Build.0 = Release|Any CPU
		{C08201B6-5524-4595-B6DA-477BB226E3B2}.Debug|Any CPU.ActiveCfg = Debug|Any CPU
		{C08201B6-5524-4595-B6DA-477BB226E3B2}.Debug|Any CPU.Build.0 = Debug|Any CPU
		{C08201B6-5524-4595-B6DA-477BB226E3B2}.Release|Any CPU.ActiveCfg = Release|Any CPU
		{C08201B6-5524-4595-B6DA-477BB226E3B2}.Release|Any CPU.Build.0 = Release|Any CPU
	EndGlobalSection
	GlobalSection(SolutionProperties) = preSolution
		HideSolutionNode = FALSE
	EndGlobalSection
	GlobalSection(ExtensibilityGlobals) = postSolution
		SolutionGuid = {83E426E9-36BC-4A4F-8029-749F661D94FB}
	EndGlobalSection
EndGlobal
